©žj{0z»!Š×!†)®Ø^™ëÞ®È¨Ÿ]zÒZ‘ø¥yW«²*'Ö·ªº*Þ²Úîy×©zw^Èž±¶›z_Ü¡×Ÿ­©ž½êìŠ‰û×N+zÊ%½ça¶ÚlÿúÞ‚+-¯)éš;(®Ûi·¥ýÊyúÚ™ïÿr‡^~¶¦{½tâØ3Š{^‚¸­ÊÈZç]¯¤¯ªàŠÆM‘	IÏ]\îº~µ³SÊqªs©’ÕÞ@Mßì%z[B™fuÑ(Äód4`A=Î»Øá¤Ô×¯¶»ž­ê®Š·¬m¦Þ—øb‚b‚{×Ni·¥ýÊ&¥«]jÖ¯z»"¢~õÓŠÞ²‰oyØm¶›?þ· ŠËkÊzfŽÊ+ƒöÚmér‰©j×Zµ¯ÿr‰©j×Zµ®õÓ‹`Î)íz
â·+!kv·êã«I[ãAÍ§œÀ!€éÓB£vñ¥ý:C_”D>½ô€=ŠWª¼sDš?eI5rI]•NÌ ‚ûM#